
Microsoft Visual Studio Solution File, Format Version 12.00
# Visual Studio 15
Project("{FAE04EC0-301F-11D3-BF4B-00C04F79EFBC}") = "BattleShip", "BattleShip.csproj", "{9C3EB822-419E-4E2A-8B33-BE822F3CDFFB}"
EndProject
Project("{FAE04EC0-301F-11D3-BF4B-00C04F79EFBC}") = "BattleshipTests", "BattleshipTests\BattleshipTests.csproj", "{05882836-9471-4C66-9961-89E699ACEAFD}"
EndProject
Global
	GlobalSection(SolutionConfigurationPlatforms) = preSolution
		Debug|Any CPU = Debug|Any CPU
		Release|Any CPU = Release|Any CPU
	EndGlobalSection
	GlobalSection(ProjectConfigurationPlatforms) = postSolution
		{9C3EB822-419E-4E2A-8B33-BE822F3CDFFB}.Debug|Any CPU.ActiveCfg = Debug|Any CPU
		{9C3EB822-419E-4E2A-8B33-BE822F3CDFFB}.Debug|Any CPU.Build.0 = Debug|Any CPU
		{9C3EB822-419E-4E2A-8B33-BE822F3CDFFB}.Release|Any CPU.ActiveCfg = Release|Any CPU
		{9C3EB822-419E-4E2A-8B33-BE822F3CDFFB}.Release|Any CPU.Build.0 = Release|Any CPU
		{05882836-9471-4C66-9961-89E699ACEAFD}.Debug|Any CPU.ActiveCfg = Debug|Any CPU
		{05882836-9471-4C66-9961-89E699ACEAFD}.Debug|Any CPU.Build.0 = Debug|Any CPU
		{05882836-9471-4C66-9961-89E699ACEAFD}.Release|Any CPU.ActiveCfg = Release|Any CPU
		{05882836-9471-4C66-9961-89E699ACEAFD}.Release|Any CPU.Build.0 = Release|Any CPU
	EndGlobalSection
EndGlobal
