
Microsoft Visual Studio Solution File, Format Version 12.00
# Visual Studio 15
Project("{FAE04EC0-301F-11D3-BF4B-00C04F79EFBC}") = "BattleShip", "BattleShip\BattleShip.csproj", "{994E90CF-0AAF-4A7F-A7A8-0F47B11D3B8D}"
EndProject
Global
	GlobalSection(SolutionConfigurationPlatforms) = preSolution
		Debug|Any CPU = Debug|Any CPU
		Release|Any CPU = Release|Any CPU
	EndGlobalSection
	GlobalSection(ProjectConfigurationPlatforms) = postSolution
		{994E90CF-0AAF-4A7F-A7A8-0F47B11D3B8D}.Debug|Any CPU.ActiveCfg = Debug|Any CPU
		{994E90CF-0AAF-4A7F-A7A8-0F47B11D3B8D}.Debug|Any CPU.Build.0 = Debug|Any CPU
		{994E90CF-0AAF-4A7F-A7A8-0F47B11D3B8D}.Release|Any CPU.ActiveCfg = Release|Any CPU
		{994E90CF-0AAF-4A7F-A7A8-0F47B11D3B8D}.Release|Any CPU.Build.0 = Release|Any CPU
	EndGlobalSection
EndGlobal
